// !$*UTF8*$!
{
	archiveVersion = 1;
	classes = {
	};
	objectVersion = 48;
	objects = {

/* Begin PBXBuildFile section */
		30236C36201E9A82005BA11F /* Alamofire.framework in Frameworks */ = {isa = PBXBuildFile; fileRef = 30236C15201E9A7A005BA11F /* Alamofire.framework */; };
		30236C37201E9A82005BA11F /* Alamofire.framework in Embed Frameworks */ = {isa = PBXBuildFile; fileRef = 30236C15201E9A7A005BA11F /* Alamofire.framework */; settings = {ATTRIBUTES = (CodeSignOnCopy, RemoveHeadersOnCopy, ); }; };
		307BBAE8201CB1E400D0283A /* AppDelegate.swift in Sources */ = {isa = PBXBuildFile; fileRef = 307BBAE7201CB1E400D0283A /* AppDelegate.swift */; };
		307BBAEA201CB1E400D0283A /* ViewController.swift in Sources */ = {isa = PBXBuildFile; fileRef = 307BBAE9201CB1E400D0283A /* ViewController.swift */; };
		307BBAED201CB1E400D0283A /* Main.storyboard in Resources */ = {isa = PBXBuildFile; fileRef = 307BBAEB201CB1E400D0283A /* Main.storyboard */; };
		307BBAEF201CB1E400D0283A /* Assets.xcassets in Resources */ = {isa = PBXBuildFile; fileRef = 307BBAEE201CB1E400D0283A /* Assets.xcassets */; };
		307BBAF2201CB1E400D0283A /* LaunchScreen.storyboard in Resources */ = {isa = PBXBuildFile; fileRef = 307BBAF0201CB1E400D0283A /* LaunchScreen.storyboard */; };
		307BBAFD201CB1E400D0283A /* ReactiveGithubUsersTests.swift in Sources */ = {isa = PBXBuildFile; fileRef = 307BBAFC201CB1E400D0283A /* ReactiveGithubUsersTests.swift */; };
		307BBB49201CB34000D0283A /* RxSwift.framework in Frameworks */ = {isa = PBXBuildFile; fileRef = 307BBB20201CB32100D0283A /* RxSwift.framework */; };
		307BBB4A201CB34000D0283A /* RxSwift.framework in Embed Frameworks */ = {isa = PBXBuildFile; fileRef = 307BBB20201CB32100D0283A /* RxSwift.framework */; settings = {ATTRIBUTES = (CodeSignOnCopy, RemoveHeadersOnCopy, ); }; };
/* End PBXBuildFile section */

/* Begin PBXContainerItemProxy section */
		30236C14201E9A7A005BA11F /* PBXContainerItemProxy */ = {
			isa = PBXContainerItemProxy;
			containerPortal = 30236C09201E9A7A005BA11F /* Alamofire.xcodeproj */;
			proxyType = 2;
			remoteGlobalIDString = F8111E3319A95C8B0040E7D1;
			remoteInfo = "Alamofire iOS";
		};
		30236C16201E9A7A005BA11F /* PBXContainerItemProxy */ = {
			isa = PBXContainerItemProxy;
			containerPortal = 30236C09201E9A7A005BA11F /* Alamofire.xcodeproj */;
			proxyType = 2;
			remoteGlobalIDString = F8111E3E19A95C8B0040E7D1;
			remoteInfo = "Alamofire iOS Tests";
		};
		30236C18201E9A7A005BA11F /* PBXContainerItemProxy */ = {
			isa = PBXContainerItemProxy;
			containerPortal = 30236C09201E9A7A005BA11F /* Alamofire.xcodeproj */;
			proxyType = 2;
			remoteGlobalIDString = 4DD67C0B1A5C55C900ED2280;
			remoteInfo = "Alamofire macOS";
		};
		30236C1A201E9A7A005BA11F /* PBXContainerItemProxy */ = {
			isa = PBXContainerItemProxy;
			containerPortal = 30236C09201E9A7A005BA11F /* Alamofire.xcodeproj */;
			proxyType = 2;
			remoteGlobalIDString = F829C6B21A7A94F100A2CD59;
			remoteInfo = "Alamofire macOS Tests";
		};
		30236C1C201E9A7A005BA11F /* PBXContainerItemProxy */ = {
			isa = PBXContainerItemProxy;
			containerPortal = 30236C09201E9A7A005BA11F /* Alamofire.xcodeproj */;
			proxyType = 2;
			remoteGlobalIDString = 4CF626EF1BA7CB3E0011A099;
			remoteInfo = "Alamofire tvOS";
		};
		30236C1E201E9A7A005BA11F /* PBXContainerItemProxy */ = {
			isa = PBXContainerItemProxy;
			containerPortal = 30236C09201E9A7A005BA11F /* Alamofire.xcodeproj */;
			proxyType = 2;
			remoteGlobalIDString = 4CF626F81BA7CB3E0011A099;
			remoteInfo = "Alamofire tvOS Tests";
		};
		30236C20201E9A7A005BA11F /* PBXContainerItemProxy */ = {
			isa = PBXContainerItemProxy;
			containerPortal = 30236C09201E9A7A005BA11F /* Alamofire.xcodeproj */;
			proxyType = 2;
			remoteGlobalIDString = E4202FE01B667AA100C997FB;
			remoteInfo = "Alamofire watchOS";
		};
		30236C38201E9A82005BA11F /* PBXContainerItemProxy */ = {
			isa = PBXContainerItemProxy;
			containerPortal = 30236C09201E9A7A005BA11F /* Alamofire.xcodeproj */;
			proxyType = 1;
			remoteGlobalIDString = F8111E3219A95C8B0040E7D1;
			remoteInfo = "Alamofire iOS";
		};
		307BBAF9201CB1E400D0283A /* PBXContainerItemProxy */ = {
			isa = PBXContainerItemProxy;
			containerPortal = 307BBADC201CB1E400D0283A /* Project object */;
			proxyType = 1;
			remoteGlobalIDString = 307BBAE3201CB1E400D0283A;
			remoteInfo = ReactiveGithubUsers;
		};
		307BBB1F201CB32100D0283A /* PBXContainerItemProxy */ = {
			isa = PBXContainerItemProxy;
			containerPortal = 307BBB07201CB32100D0283A /* Rx.xcodeproj */;
			proxyType = 2;
			remoteGlobalIDString = C8A56AD71AD7424700B4673B;
			remoteInfo = "RxSwift-iOS";
		};
		307BBB21201CB32100D0283A /* PBXContainerItemProxy */ = {
			isa = PBXContainerItemProxy;
			containerPortal = 307BBB07201CB32100D0283A /* Rx.xcodeproj */;
			proxyType = 2;
			remoteGlobalIDString = C88BB8711B07E5ED0064D411;
			remoteInfo = "RxSwift-macOS";
		};
		307BBB23201CB32100D0283A /* PBXContainerItemProxy */ = {
			isa = PBXContainerItemProxy;
			containerPortal = 307BBB07201CB32100D0283A /* Rx.xcodeproj */;
			proxyType = 2;
			remoteGlobalIDString = D2EA280C1BB9B5A200880ED3;
			remoteInfo = "RxSwift-tvOS";
		};
		307BBB25201CB32100D0283A /* PBXContainerItemProxy */ = {
			isa = PBXContainerItemProxy;
			containerPortal = 307BBB07201CB32100D0283A /* Rx.xcodeproj */;
			proxyType = 2;
			remoteGlobalIDString = C8F0C0021BBBFB8B001B112F;
			remoteInfo = "RxSwift-watchOS";
		};
		307BBB27201CB32100D0283A /* PBXContainerItemProxy */ = {
			isa = PBXContainerItemProxy;
			containerPortal = 307BBB07201CB32100D0283A /* Rx.xcodeproj */;
			proxyType = 2;
			remoteGlobalIDString = C809396D1B8A71760088E94D;
			remoteInfo = "RxCocoa-iOS";
		};
		307BBB29201CB32100D0283A /* PBXContainerItemProxy */ = {
			isa = PBXContainerItemProxy;
			containerPortal = 307BBB07201CB32100D0283A /* Rx.xcodeproj */;
			proxyType = 2;
			remoteGlobalIDString = C80939E71B8A71840088E94D;
			remoteInfo = "RxCocoa-macOS";
		};
		307BBB2B201CB32100D0283A /* PBXContainerItemProxy */ = {
			isa = PBXContainerItemProxy;
			containerPortal = 307BBB07201CB32100D0283A /* Rx.xcodeproj */;
			proxyType = 2;
			remoteGlobalIDString = D2138C751BB9BE9800339B5C;
			remoteInfo = "RxCocoa-tvOS";
		};
		307BBB2D201CB32100D0283A /* PBXContainerItemProxy */ = {
			isa = PBXContainerItemProxy;
			containerPortal = 307BBB07201CB32100D0283A /* Rx.xcodeproj */;
			proxyType = 2;
			remoteGlobalIDString = C8F0C04B1BBBFBB9001B112F;
			remoteInfo = "RxCocoa-watchOS";
		};
		307BBB2F201CB32100D0283A /* PBXContainerItemProxy */ = {
			isa = PBXContainerItemProxy;
			containerPortal = 307BBB07201CB32100D0283A /* Rx.xcodeproj */;
			proxyType = 2;
			remoteGlobalIDString = C8093BC71B8A71F00088E94D;
			remoteInfo = "RxBlocking-iOS";
		};
		307BBB31201CB32100D0283A /* PBXContainerItemProxy */ = {
			isa = PBXContainerItemProxy;
			containerPortal = 307BBB07201CB32100D0283A /* Rx.xcodeproj */;
			proxyType = 2;
			remoteGlobalIDString = C8093C451B8A71FC0088E94D;
			remoteInfo = "RxBlocking-macOS";
		};
		307BBB33201CB32100D0283A /* PBXContainerItemProxy */ = {
			isa = PBXContainerItemProxy;
			containerPortal = 307BBB07201CB32100D0283A /* Rx.xcodeproj */;
			proxyType = 2;
			remoteGlobalIDString = D2EBEB811BB9B99D003A27DC;
			remoteInfo = "RxBlocking-tvOS";
		};
		307BBB35201CB32100D0283A /* PBXContainerItemProxy */ = {
			isa = PBXContainerItemProxy;
			containerPortal = 307BBB07201CB32100D0283A /* Rx.xcodeproj */;
			proxyType = 2;
			remoteGlobalIDString = C8F0C0581BBBFBCE001B112F;
			remoteInfo = "RxBlocking-watchOS";
		};
		307BBB37201CB32100D0283A /* PBXContainerItemProxy */ = {
			isa = PBXContainerItemProxy;
			containerPortal = 307BBB07201CB32100D0283A /* Rx.xcodeproj */;
			proxyType = 2;
			remoteGlobalIDString = C88FA50C1C25C44800CCFEA4;
			remoteInfo = "RxTest-iOS";
		};
		307BBB39201CB32100D0283A /* PBXContainerItemProxy */ = {
			isa = PBXContainerItemProxy;
			containerPortal = 307BBB07201CB32100D0283A /* Rx.xcodeproj */;
			proxyType = 2;
			remoteGlobalIDString = C88FA51D1C25C4B500CCFEA4;
			remoteInfo = "RxTest-macOS";
		};
		307BBB3B201CB32100D0283A /* PBXContainerItemProxy */ = {
			isa = PBXContainerItemProxy;
			containerPortal = 307BBB07201CB32100D0283A /* Rx.xcodeproj */;
			proxyType = 2;
			remoteGlobalIDString = C88FA52E1C25C4C000CCFEA4;
			remoteInfo = "RxTest-tvOS";
		};
		307BBB3D201CB32100D0283A /* PBXContainerItemProxy */ = {
			isa = PBXContainerItemProxy;
			containerPortal = 307BBB07201CB32100D0283A /* Rx.xcodeproj */;
			proxyType = 2;
			remoteGlobalIDString = C88FA53F1C25C4CC00CCFEA4;
			remoteInfo = "RxTest-watchOS";
		};
		307BBB3F201CB32100D0283A /* PBXContainerItemProxy */ = {
			isa = PBXContainerItemProxy;
			containerPortal = 307BBB07201CB32100D0283A /* Rx.xcodeproj */;
			proxyType = 2;
			remoteGlobalIDString = C83508C31C386F6F0027C24C;
			remoteInfo = "AllTests-iOS";
		};
		307BBB41201CB32100D0283A /* PBXContainerItemProxy */ = {
			isa = PBXContainerItemProxy;
			containerPortal = 307BBB07201CB32100D0283A /* Rx.xcodeproj */;
			proxyType = 2;
			remoteGlobalIDString = C83509841C38740E0027C24C;
			remoteInfo = "AllTests-tvOS";
		};
		307BBB43201CB32100D0283A /* PBXContainerItemProxy */ = {
			isa = PBXContainerItemProxy;
			containerPortal = 307BBB07201CB32100D0283A /* Rx.xcodeproj */;
			proxyType = 2;
			remoteGlobalIDString = C83509941C38742C0027C24C;
			remoteInfo = "AllTests-macOS";
		};
		307BBB45201CB32100D0283A /* PBXContainerItemProxy */ = {
			isa = PBXContainerItemProxy;
			containerPortal = 307BBB07201CB32100D0283A /* Rx.xcodeproj */;
			proxyType = 2;
			remoteGlobalIDString = C85BA04B1C3878740075D68E;
			remoteInfo = Microoptimizations;
		};
		307BBB47201CB32100D0283A /* PBXContainerItemProxy */ = {
			isa = PBXContainerItemProxy;
			containerPortal = 307BBB07201CB32100D0283A /* Rx.xcodeproj */;
			proxyType = 2;
			remoteGlobalIDString = C8E8BA551E2C181A00A4AC2C;
			remoteInfo = Benchmarks;
		};
		307BBB4B201CB34000D0283A /* PBXContainerItemProxy */ = {
			isa = PBXContainerItemProxy;
			containerPortal = 307BBB07201CB32100D0283A /* Rx.xcodeproj */;
			proxyType = 1;
			remoteGlobalIDString = C8A56AD61AD7424700B4673B;
			remoteInfo = "RxSwift-iOS";
		};
/* End PBXContainerItemProxy section */

/* Begin PBXCopyFilesBuildPhase section */
		307BBB4D201CB34000D0283A /* Embed Frameworks */ = {
			isa = PBXCopyFilesBuildPhase;
			buildActionMask = 2147483647;
			dstPath = "";
			dstSubfolderSpec = 10;
			files = (
				307BBB4A201CB34000D0283A /* RxSwift.framework in Embed Frameworks */,
				30236C37201E9A82005BA11F /* Alamofire.framework in Embed Frameworks */,
			);
			name = "Embed Frameworks";
			runOnlyForDeploymentPostprocessing = 0;
		};
/* End PBXCopyFilesBuildPhase section */

/* Begin PBXFileReference section */
		30236C09201E9A7A005BA11F /* Alamofire.xcodeproj */ = {isa = PBXFileReference; lastKnownFileType = "wrapper.pb-project"; name = Alamofire.xcodeproj; path = Dependencies/Alamofire/Alamofire.xcodeproj; sourceTree = "<group>"; };
		307BBAE4201CB1E400D0283A /* ReactiveGithubUsers.app */ = {isa = PBXFileReference; explicitFileType = wrapper.application; includeInIndex = 0; path = ReactiveGithubUsers.app; sourceTree = BUILT_PRODUCTS_DIR; };
		307BBAE7201CB1E400D0283A /* AppDelegate.swift */ = {isa = PBXFileReference; lastKnownFileType = sourcecode.swift; path = AppDelegate.swift; sourceTree = "<group>"; };
		307BBAE9201CB1E400D0283A /* ViewController.swift */ = {isa = PBXFileReference; lastKnownFileType = sourcecode.swift; path = ViewController.swift; sourceTree = "<group>"; };
		307BBAEC201CB1E400D0283A /* Base */ = {isa = PBXFileReference; lastKnownFileType = file.storyboard; name = Base; path = Base.lproj/Main.storyboard; sourceTree = "<group>"; };
		307BBAEE201CB1E400D0283A /* Assets.xcassets */ = {isa = PBXFileReference; lastKnownFileType = folder.assetcatalog; path = Assets.xcassets; sourceTree = "<group>"; };
		307BBAF1201CB1E400D0283A /* Base */ = {isa = PBXFileReference; lastKnownFileType = file.storyboard; name = Base; path = Base.lproj/LaunchScreen.storyboard; sourceTree = "<group>"; };
		307BBAF3201CB1E400D0283A /* Info.plist */ = {isa = PBXFileReference; lastKnownFileType = text.plist.xml; path = Info.plist; sourceTree = "<group>"; };
		307BBAF8201CB1E400D0283A /* ReactiveGithubUsersTests.xctest */ = {isa = PBXFileReference; explicitFileType = wrapper.cfbundle; includeInIndex = 0; path = ReactiveGithubUsersTests.xctest; sourceTree = BUILT_PRODUCTS_DIR; };
		307BBAFC201CB1E400D0283A /* ReactiveGithubUsersTests.swift */ = {isa = PBXFileReference; lastKnownFileType = sourcecode.swift; path = ReactiveGithubUsersTests.swift; sourceTree = "<group>"; };
		307BBAFE201CB1E400D0283A /* Info.plist */ = {isa = PBXFileReference; lastKnownFileType = text.plist.xml; path = Info.plist; sourceTree = "<group>"; };
		307BBB07201CB32100D0283A /* Rx.xcodeproj */ = {isa = PBXFileReference; lastKnownFileType = "wrapper.pb-project"; name = Rx.xcodeproj; path = Dependemcies/Rx.xcodeproj; sourceTree = "<group>"; };
/* End PBXFileReference section */

/* Begin PBXFrameworksBuildPhase section */
		307BBAE1201CB1E400D0283A /* Frameworks */ = {
			isa = PBXFrameworksBuildPhase;
			buildActionMask = 2147483647;
			files = (
				307BBB49201CB34000D0283A /* RxSwift.framework in Frameworks */,
				30236C36201E9A82005BA11F /* Alamofire.framework in Frameworks */,
			);
			runOnlyForDeploymentPostprocessing = 0;
		};
		307BBAF5201CB1E400D0283A /* Frameworks */ = {
			isa = PBXFrameworksBuildPhase;
			buildActionMask = 2147483647;
			files = (
			);
			runOnlyForDeploymentPostprocessing = 0;
		};
/* End PBXFrameworksBuildPhase section */

/* Begin PBXGroup section */
		30236C0A201E9A7A005BA11F /* Products */ = {
			isa = PBXGroup;
			children = (
				30236C15201E9A7A005BA11F /* Alamofire.framework */,
				30236C17201E9A7A005BA11F /* Alamofire iOS Tests.xctest */,
				30236C19201E9A7A005BA11F /* Alamofire.framework */,
				30236C1B201E9A7A005BA11F /* Alamofire macOS Tests.xctest */,
				30236C1D201E9A7A005BA11F /* Alamofire.framework */,
				30236C1F201E9A7A005BA11F /* Alamofire tvOS Tests.xctest */,
				30236C21201E9A7A005BA11F /* Alamofire.framework */,
			);
			name = Products;
			sourceTree = "<group>";
		};
		307BBADB201CB1E400D0283A = {
			isa = PBXGroup;
			children = (
				30236C09201E9A7A005BA11F /* Alamofire.xcodeproj */,
				307BBB07201CB32100D0283A /* Rx.xcodeproj */,
				307BBAE6201CB1E400D0283A /* ReactiveGithubUsers */,
				307BBAFB201CB1E400D0283A /* ReactiveGithubUsersTests */,
				307BBAE5201CB1E400D0283A /* Products */,
			);
			sourceTree = "<group>";
		};
		307BBAE5201CB1E400D0283A /* Products */ = {
			isa = PBXGroup;
			children = (
				307BBAE4201CB1E400D0283A /* ReactiveGithubUsers.app */,
				307BBAF8201CB1E400D0283A /* ReactiveGithubUsersTests.xctest */,
			);
			name = Products;
			sourceTree = "<group>";
		};
		307BBAE6201CB1E400D0283A /* ReactiveGithubUsers */ = {
			isa = PBXGroup;
			children = (
				307BBAE7201CB1E400D0283A /* AppDelegate.swift */,
				307BBAE9201CB1E400D0283A /* ViewController.swift */,
				307BBAEB201CB1E400D0283A /* Main.storyboard */,
				307BBAEE201CB1E400D0283A /* Assets.xcassets */,
				307BBAF0201CB1E400D0283A /* LaunchScreen.storyboard */,
				307BBAF3201CB1E400D0283A /* Info.plist */,
			);
			path = ReactiveGithubUsers;
			sourceTree = "<group>";
		};
		307BBAFB201CB1E400D0283A /* ReactiveGithubUsersTests */ = {
			isa = PBXGroup;
			children = (
				307BBAFC201CB1E400D0283A /* ReactiveGithubUsersTests.swift */,
				307BBAFE201CB1E400D0283A /* Info.plist */,
			);
			path = ReactiveGithubUsersTests;
			sourceTree = "<group>";
		};
		307BBB08201CB32100D0283A /* Products */ = {
			isa = PBXGroup;
			children = (
				307BBB20201CB32100D0283A /* RxSwift.framework */,
				307BBB22201CB32100D0283A /* RxSwift.framework */,
				307BBB24201CB32100D0283A /* RxSwift.framework */,
				307BBB26201CB32100D0283A /* RxSwift.framework */,
				307BBB28201CB32100D0283A /* RxCocoa.framework */,
				307BBB2A201CB32100D0283A /* RxCocoa.framework */,
				307BBB2C201CB32100D0283A /* RxCocoa.framework */,
				307BBB2E201CB32100D0283A /* RxCocoa.framework */,
				307BBB30201CB32100D0283A /* RxBlocking.framework */,
				307BBB32201CB32100D0283A /* RxBlocking.framework */,
				307BBB34201CB32100D0283A /* RxBlocking.framework */,
				307BBB36201CB32100D0283A /* RxBlocking.framework */,
				307BBB38201CB32100D0283A /* RxTest.framework */,
				307BBB3A201CB32100D0283A /* RxTest.framework */,
				307BBB3C201CB32100D0283A /* RxTest.framework */,
				307BBB3E201CB32100D0283A /* RxTest.framework */,
				307BBB40201CB32100D0283A /* AllTests-iOS.xctest */,
				307BBB42201CB32100D0283A /* AllTests-tvOS.xctest */,
				307BBB44201CB32100D0283A /* AllTests-macOS.xctest */,
				307BBB46201CB32100D0283A /* PerformanceTests.app */,
				307BBB48201CB32100D0283A /* Benchmarks.xctest */,
			);
			name = Products;
			sourceTree = "<group>";
		};
/* End PBXGroup section */

/* Begin PBXNativeTarget section */
		307BBAE3201CB1E400D0283A /* ReactiveGithubUsers */ = {
			isa = PBXNativeTarget;
			buildConfigurationList = 307BBB01201CB1E400D0283A /* Build configuration list for PBXNativeTarget "ReactiveGithubUsers" */;
			buildPhases = (
				307BBAE0201CB1E400D0283A /* Sources */,
				307BBAE1201CB1E400D0283A /* Frameworks */,
				307BBAE2201CB1E400D0283A /* Resources */,
				307BBB4D201CB34000D0283A /* Embed Frameworks */,
			);
			buildRules = (
			);
			dependencies = (
				307BBB4C201CB34000D0283A /* PBXTargetDependency */,
				30236C39201E9A82005BA11F /* PBXTargetDependency */,
			);
			name = ReactiveGithubUsers;
			productName = ReactiveGithubUsers;
			productReference = 307BBAE4201CB1E400D0283A /* ReactiveGithubUsers.app */;
			productType = "com.apple.product-type.application";
		};
		307BBAF7201CB1E400D0283A /* ReactiveGithubUsersTests */ = {
			isa = PBXNativeTarget;
			buildConfigurationList = 307BBB04201CB1E400D0283A /* Build configuration list for PBXNativeTarget "ReactiveGithubUsersTests" */;
			buildPhases = (
				307BBAF4201CB1E400D0283A /* Sources */,
				307BBAF5201CB1E400D0283A /* Frameworks */,
				307BBAF6201CB1E400D0283A /* Resources */,
			);
			buildRules = (
			);
			dependencies = (
				307BBAFA201CB1E400D0283A /* PBXTargetDependency */,
			);
			name = ReactiveGithubUsersTests;
			productName = ReactiveGithubUsersTests;
			productReference = 307BBAF8201CB1E400D0283A /* ReactiveGithubUsersTests.xctest */;
			productType = "com.apple.product-type.bundle.unit-test";
		};
/* End PBXNativeTarget section */

/* Begin PBXProject section */
		307BBADC201CB1E400D0283A /* Project object */ = {
			isa = PBXProject;
			attributes = {
				LastSwiftUpdateCheck = 0920;
				LastUpgradeCheck = 0920;
				ORGANIZATIONNAME = BManshilin;
				TargetAttributes = {
					307BBAE3201CB1E400D0283A = {
						CreatedOnToolsVersion = 9.2;
						ProvisioningStyle = Automatic;
					};
					307BBAF7201CB1E400D0283A = {
						CreatedOnToolsVersion = 9.2;
						ProvisioningStyle = Automatic;
						TestTargetID = 307BBAE3201CB1E400D0283A;
					};
				};
			};
			buildConfigurationList = 307BBADF201CB1E400D0283A /* Build configuration list for PBXProject "ReactiveGithubUsers" */;
			compatibilityVersion = "Xcode 8.0";
			developmentRegion = en;
			hasScannedForEncodings = 0;
			knownRegions = (
				en,
				Base,
			);
			mainGroup = 307BBADB201CB1E400D0283A;
			productRefGroup = 307BBAE5201CB1E400D0283A /* Products */;
			projectDirPath = "";
			projectReferences = (
				{
					ProductGroup = 30236C0A201E9A7A005BA11F /* Products */;
					ProjectRef = 30236C09201E9A7A005BA11F /* Alamofire.xcodeproj */;
				},
				{
					ProductGroup = 307BBB08201CB32100D0283A /* Products */;
					ProjectRef = 307BBB07201CB32100D0283A /* Rx.xcodeproj */;
				},
			);
			projectRoot = "";
			targets = (
				307BBAE3201CB1E400D0283A /* ReactiveGithubUsers */,
				307BBAF7201CB1E400D0283A /* ReactiveGithubUsersTests */,
			);
		};
/* End PBXProject section */

/* Begin PBXReferenceProxy section */
		30236C15201E9A7A005BA11F /* Alamofire.framework */ = {
			isa = PBXReferenceProxy;
			fileType = wrapper.framework;
			path = Alamofire.framework;
			remoteRef = 30236C14201E9A7A005BA11F /* PBXContainerItemProxy */;
			sourceTree = BUILT_PRODUCTS_DIR;
		};
		30236C17201E9A7A005BA11F /* Alamofire iOS Tests.xctest */ = {
			isa = PBXReferenceProxy;
			fileType = wrapper.cfbundle;
			path = "Alamofire iOS Tests.xctest";
			remoteRef = 30236C16201E9A7A005BA11F /* PBXContainerItemProxy */;
			sourceTree = BUILT_PRODUCTS_DIR;
		};
		30236C19201E9A7A005BA11F /* Alamofire.framework */ = {
			isa = PBXReferenceProxy;
			fileType = wrapper.framework;
			path = Alamofire.framework;
			remoteRef = 30236C18201E9A7A005BA11F /* PBXContainerItemProxy */;
			sourceTree = BUILT_PRODUCTS_DIR;
		};
		30236C1B201E9A7A005BA11F /* Alamofire macOS Tests.xctest */ = {
			isa = PBXReferenceProxy;
			fileType = wrapper.cfbundle;
			path = "Alamofire macOS Tests.xctest";
			remoteRef = 30236C1A201E9A7A005BA11F /* PBXContainerItemProxy */;
			sourceTree = BUILT_PRODUCTS_DIR;
		};
		30236C1D201E9A7A005BA11F /* Alamofire.framework */ = {
			isa = PBXReferenceProxy;
			fileType = wrapper.framework;
			path = Alamofire.framework;
			remoteRef = 30236C1C201E9A7A005BA11F /* PBXContainerItemProxy */;
			sourceTree = BUILT_PRODUCTS_DIR;
		};
		30236C1F201E9A7A005BA11F /* Alamofire tvOS Tests.xctest */ = {
			isa = PBXReferenceProxy;
			fileType = wrapper.cfbundle;
			path = "Alamofire tvOS Tests.xctest";
			remoteRef = 30236C1E201E9A7A005BA11F /* PBXContainerItemProxy */;
			sourceTree = BUILT_PRODUCTS_DIR;
		};
		30236C21201E9A7A005BA11F /* Alamofire.framework */ = {
			isa = PBXReferenceProxy;
			fileType = wrapper.framework;
			path = Alamofire.framework;
			remoteRef = 30236C20201E9A7A005BA11F /* PBXContainerItemProxy */;
			sourceTree = BUILT_PRODUCTS_DIR;
		};
		307BBB20201CB32100D0283A /* RxSwift.framework */ = {
			isa = PBXReferenceProxy;
			fileType = wrapper.framework;
			path = RxSwift.framework;
			remoteRef = 307BBB1F201CB32100D0283A /* PBXContainerItemProxy */;
			sourceTree = BUILT_PRODUCTS_DIR;
		};
		307BBB22201CB32100D0283A /* RxSwift.framework */ = {
			isa = PBXReferenceProxy;
			fileType = wrapper.framework;
			path = RxSwift.framework;
			remoteRef = 307BBB21201CB32100D0283A /* PBXContainerItemProxy */;
			sourceTree = BUILT_PRODUCTS_DIR;
		};
		307BBB24201CB32100D0283A /* RxSwift.framework */ = {
			isa = PBXReferenceProxy;
			fileType = wrapper.framework;
			path = RxSwift.framework;
			remoteRef = 307BBB23201CB32100D0283A /* PBXContainerItemProxy */;
			sourceTree = BUILT_PRODUCTS_DIR;
		};
		307BBB26201CB32100D0283A /* RxSwift.framework */ = {
			isa = PBXReferenceProxy;
			fileType = wrapper.framework;
			path = RxSwift.framework;
			remoteRef = 307BBB25201CB32100D0283A /* PBXContainerItemProxy */;
			sourceTree = BUILT_PRODUCTS_DIR;
		};
		307BBB28201CB32100D0283A /* RxCocoa.framework */ = {
			isa = PBXReferenceProxy;
			fileType = wrapper.framework;
			path = RxCocoa.framework;
			remoteRef = 307BBB27201CB32100D0283A /* PBXContainerItemProxy */;
			sourceTree = BUILT_PRODUCTS_DIR;
		};
		307BBB2A201CB32100D0283A /* RxCocoa.framework */ = {
			isa = PBXReferenceProxy;
			fileType = wrapper.framework;
			path = RxCocoa.framework;
			remoteRef = 307BBB29201CB32100D0283A /* PBXContainerItemProxy */;
			sourceTree = BUILT_PRODUCTS_DIR;
		};
		307BBB2C201CB32100D0283A /* RxCocoa.framework */ = {
			isa = PBXReferenceProxy;
			fileType = wrapper.framework;
			path = RxCocoa.framework;
			remoteRef = 307BBB2B201CB32100D0283A /* PBXContainerItemProxy */;
			sourceTree = BUILT_PRODUCTS_DIR;
		};
		307BBB2E201CB32100D0283A /* RxCocoa.framework */ = {
			isa = PBXReferenceProxy;
			fileType = wrapper.framework;
			path = RxCocoa.framework;
			remoteRef = 307BBB2D201CB32100D0283A /* PBXContainerItemProxy */;
			sourceTree = BUILT_PRODUCTS_DIR;
		};
		307BBB30201CB32100D0283A /* RxBlocking.framework */ = {
			isa = PBXReferenceProxy;
			fileType = wrapper.framework;
			path = RxBlocking.framework;
			remoteRef = 307BBB2F201CB32100D0283A /* PBXContainerItemProxy */;
			sourceTree = BUILT_PRODUCTS_DIR;
		};
		307BBB32201CB32100D0283A /* RxBlocking.framework */ = {
			isa = PBXReferenceProxy;
			fileType = wrapper.framework;
			path = RxBlocking.framework;
			remoteRef = 307BBB31201CB32100D0283A /* PBXContainerItemProxy */;
			sourceTree = BUILT_PRODUCTS_DIR;
		};
		307BBB34201CB32100D0283A /* RxBlocking.framework */ = {
			isa = PBXReferenceProxy;
			fileType = wrapper.framework;
			path = RxBlocking.framework;
			remoteRef = 307BBB33201CB32100D0283A /* PBXContainerItemProxy */;
			sourceTree = BUILT_PRODUCTS_DIR;
		};
		307BBB36201CB32100D0283A /* RxBlocking.framework */ = {
			isa = PBXReferenceProxy;
			fileType = wrapper.framework;
			path = RxBlocking.framework;
			remoteRef = 307BBB35201CB32100D0283A /* PBXContainerItemProxy */;
			sourceTree = BUILT_PRODUCTS_DIR;
		};
		307BBB38201CB32100D0283A /* RxTest.framework */ = {
			isa = PBXReferenceProxy;
			fileType = wrapper.framework;
			path = RxTest.framework;
			remoteRef = 307BBB37201CB32100D0283A /* PBXContainerItemProxy */;
			sourceTree = BUILT_PRODUCTS_DIR;
		};
		307BBB3A201CB32100D0283A /* RxTest.framework */ = {
			isa = PBXReferenceProxy;
			fileType = wrapper.framework;
			path = RxTest.framework;
			remoteRef = 307BBB39201CB32100D0283A /* PBXContainerItemProxy */;
			sourceTree = BUILT_PRODUCTS_DIR;
		};
		307BBB3C201CB32100D0283A /* RxTest.framework */ = {
			isa = PBXReferenceProxy;
			fileType = wrapper.framework;
			path = RxTest.framework;
			remoteRef = 307BBB3B201CB32100D0283A /* PBXContainerItemProxy */;
			sourceTree = BUILT_PRODUCTS_DIR;
		};
		307BBB3E201CB32100D0283A /* RxTest.framework */ = {
			isa = PBXReferenceProxy;
			fileType = wrapper.framework;
			path = RxTest.framework;
			remoteRef = 307BBB3D201CB32100D0283A /* PBXContainerItemProxy */;
			sourceTree = BUILT_PRODUCTS_DIR;
		};
		307BBB40201CB32100D0283A /* AllTests-iOS.xctest */ = {
			isa = PBXReferenceProxy;
			fileType = wrapper.cfbundle;
			path = "AllTests-iOS.xctest";
			remoteRef = 307BBB3F201CB32100D0283A /* PBXContainerItemProxy */;
			sourceTree = BUILT_PRODUCTS_DIR;
		};
		307BBB42201CB32100D0283A /* AllTests-tvOS.xctest */ = {
			isa = PBXReferenceProxy;
			fileType = wrapper.cfbundle;
			path = "AllTests-tvOS.xctest";
			remoteRef = 307BBB41201CB32100D0283A /* PBXContainerItemProxy */;
			sourceTree = BUILT_PRODUCTS_DIR;
		};
		307BBB44201CB32100D0283A /* AllTests-macOS.xctest */ = {
			isa = PBXReferenceProxy;
			fileType = wrapper.cfbundle;
			path = "AllTests-macOS.xctest";
			remoteRef = 307BBB43201CB32100D0283A /* PBXContainerItemProxy */;
			sourceTree = BUILT_PRODUCTS_DIR;
		};
		307BBB46201CB32100D0283A /* PerformanceTests.app */ = {
			isa = PBXReferenceProxy;
			fileType = wrapper.application;
			name = PerformanceTests.app;
			path = Microoptimizations.app;
			remoteRef = 307BBB45201CB32100D0283A /* PBXContainerItemProxy */;
			sourceTree = BUILT_PRODUCTS_DIR;
		};
		307BBB48201CB32100D0283A /* Benchmarks.xctest */ = {
			isa = PBXReferenceProxy;
			fileType = wrapper.cfbundle;
			path = Benchmarks.xctest;
			remoteRef = 307BBB47201CB32100D0283A /* PBXContainerItemProxy */;
			sourceTree = BUILT_PRODUCTS_DIR;
		};
/* End PBXReferenceProxy section */

/* Begin PBXResourcesBuildPhase section */
		307BBAE2201CB1E400D0283A /* Resources */ = {
			isa = PBXResourcesBuildPhase;
			buildActionMask = 2147483647;
			files = (
				307BBAF2201CB1E400D0283A /* LaunchScreen.storyboard in Resources */,
				307BBAEF201CB1E400D0283A /* Assets.xcassets in Resources */,
				307BBAED201CB1E400D0283A /* Main.storyboard in Resources */,
			);
			runOnlyForDeploymentPostprocessing = 0;
		};
		307BBAF6201CB1E400D0283A /* Resources */ = {
			isa = PBXResourcesBuildPhase;
			buildActionMask = 2147483647;
			files = (
			);
			runOnlyForDeploymentPostprocessing = 0;
		};
/* End PBXResourcesBuildPhase section */

/* Begin PBXSourcesBuildPhase section */
		307BBAE0201CB1E400D0283A /* Sources */ = {
			isa = PBXSourcesBuildPhase;
			buildActionMask = 2147483647;
			files = (
				307BBAEA201CB1E400D0283A /* ViewController.swift in Sources */,
				307BBAE8201CB1E400D0283A /* AppDelegate.swift in Sources */,
			);
			runOnlyForDeploymentPostprocessing = 0;
		};
		307BBAF4201CB1E400D0283A /* Sources */ = {
			isa = PBXSourcesBuildPhase;
			buildActionMask = 2147483647;
			files = (
				307BBAFD201CB1E400D0283A /* ReactiveGithubUsersTests.swift in Sources */,
			);
			runOnlyForDeploymentPostprocessing = 0;
		};
/* End PBXSourcesBuildPhase section */

/* Begin PBXTargetDependency section */
		30236C39201E9A82005BA11F /* PBXTargetDependency */ = {
			isa = PBXTargetDependency;
			name = "Alamofire iOS";
			targetProxy = 30236C38201E9A82005BA11F /* PBXContainerItemProxy */;
		};
		307BBAFA201CB1E400D0283A /* PBXTargetDependency */ = {
			isa = PBXTargetDependency;
			target = 307BBAE3201CB1E400D0283A /* ReactiveGithubUsers */;
			targetProxy = 307BBAF9201CB1E400D0283A /* PBXContainerItemProxy */;
		};
		307BBB4C201CB34000D0283A /* PBXTargetDependency */ = {
			isa = PBXTargetDependency;
			name = "RxSwift-iOS";
			targetProxy = 307BBB4B201CB34000D0283A /* PBXContainerItemProxy */;
		};
/* End PBXTargetDependency section */

/* Begin PBXVariantGroup section */
		307BBAEB201CB1E400D0283A /* Main.storyboard */ = {
			isa = PBXVariantGroup;
			children = (
				307BBAEC201CB1E400D0283A /* Base */,
			);
			name = Main.storyboard;
			sourceTree = "<group>";
		};
		307BBAF0201CB1E400D0283A /* LaunchScreen.storyboard */ = {
			isa = PBXVariantGroup;
			children = (
				307BBAF1201CB1E400D0283A /* Base */,
			);
			name = LaunchScreen.storyboard;
			sourceTree = "<group>";
		};
/* End PBXVariantGroup section */

/* Begin XCBuildConfiguration section */
		307BBAFF201CB1E400D0283A /* Debug */ = {
			isa = XCBuildConfiguration;
			buildSettings = {
				ALWAYS_SEARCH_USER_PATHS = NO;
				CLANG_ANALYZER_NONNULL = YES;
				CLANG_ANALYZER_NUMBER_OBJECT_CONVERSION = YES_AGGRESSIVE;
				CLANG_CXX_LANGUAGE_STANDARD = "gnu++14";
				CLANG_CXX_LIBRARY = "libc++";
				CLANG_ENABLE_MODULES = YES;
				CLANG_ENABLE_OBJC_ARC = YES;
				CLANG_WARN_BLOCK_CAPTURE_AUTORELEASING = YES;
				CLANG_WARN_BOOL_CONVERSION = YES;
				CLANG_WARN_COMMA = YES;
				CLANG_WARN_CONSTANT_CONVERSION = YES;
				CLANG_WARN_DIRECT_OBJC_ISA_USAGE = YES_ERROR;
				CLANG_WARN_DOCUMENTATION_COMMENTS = YES;
				CLANG_WARN_EMPTY_BODY = YES;
				CLANG_WARN_ENUM_CONVERSION = YES;
				CLANG_WARN_INFINITE_RECURSION = YES;
				CLANG_WARN_INT_CONVERSION = YES;
				CLANG_WARN_NON_LITERAL_NULL_CONVERSION = YES;
				CLANG_WARN_OBJC_LITERAL_CONVERSION = YES;
				CLANG_WARN_OBJC_ROOT_CLASS = YES_ERROR;
				CLANG_WARN_RANGE_LOOP_ANALYSIS = YES;
				CLANG_WARN_STRICT_PROTOTYPES = YES;
				CLANG_WARN_SUSPICIOUS_MOVE = YES;
				CLANG_WARN_UNGUARDED_AVAILABILITY = YES_AGGRESSIVE;
				CLANG_WARN_UNREACHABLE_CODE = YES;
				CLANG_WARN__DUPLICATE_METHOD_MATCH = YES;
				CODE_SIGN_IDENTITY = "iPhone Developer";
				COPY_PHASE_STRIP = NO;
				DEBUG_INFORMATION_FORMAT = dwarf;
				ENABLE_STRICT_OBJC_MSGSEND = YES;
				ENABLE_TESTABILITY = YES;
				GCC_C_LANGUAGE_STANDARD = gnu11;
				GCC_DYNAMIC_NO_PIC = NO;
				GCC_NO_COMMON_BLOCKS = YES;
				GCC_OPTIMIZATION_LEVEL = 0;
				GCC_PREPROCESSOR_DEFINITIONS = (
					"DEBUG=1",
					"$(inherited)",
				);
				GCC_WARN_64_TO_32_BIT_CONVERSION = YES;
				GCC_WARN_ABOUT_RETURN_TYPE = YES_ERROR;
				GCC_WARN_UNDECLARED_SELECTOR = YES;
				GCC_WARN_UNINITIALIZED_AUTOS = YES_AGGRESSIVE;
				GCC_WARN_UNUSED_FUNCTION = YES;
				GCC_WARN_UNUSED_VARIABLE = YES;
				IPHONEOS_DEPLOYMENT_TARGET = 11.2;
				MTL_ENABLE_DEBUG_INFO = YES;
				ONLY_ACTIVE_ARCH = YES;
				SDKROOT = iphoneos;
				SWIFT_ACTIVE_COMPILATION_CONDITIONS = DEBUG;
				SWIFT_OPTIMIZATION_LEVEL = "-Onone";
			};
			name = Debug;
		};
		307BBB00201CB1E400D0283A /* Release */ = {
			isa = XCBuildConfiguration;
			buildSettings = {
				ALWAYS_SEARCH_USER_PATHS = NO;
				CLANG_ANALYZER_NONNULL = YES;
				CLANG_ANALYZER_NUMBER_OBJECT_CONVERSION = YES_AGGRESSIVE;
				CLANG_CXX_LANGUAGE_STANDARD = "gnu++14";
				CLANG_CXX_LIBRARY = "libc++";
				CLANG_ENABLE_MODULES = YES;
				CLANG_ENABLE_OBJC_ARC = YES;
				CLANG_WARN_BLOCK_CAPTURE_AUTORELEASING = YES;
				CLANG_WARN_BOOL_CONVERSION = YES;
				CLANG_WARN_COMMA = YES;
				CLANG_WARN_CONSTANT_CONVERSION = YES;
				CLANG_WARN_DIRECT_OBJC_ISA_USAGE = YES_ERROR;
				CLANG_WARN_DOCUMENTATION_COMMENTS = YES;
				CLANG_WARN_EMPTY_BODY = YES;
				CLANG_WARN_ENUM_CONVERSION = YES;
				CLANG_WARN_INFINITE_RECURSION = YES;
				CLANG_WARN_INT_CONVERSION = YES;
				CLANG_WARN_NON_LITERAL_NULL_CONVERSION = YES;
				CLANG_WARN_OBJC_LITERAL_CONVERSION = YES;
				CLANG_WARN_OBJC_ROOT_CLASS = YES_ERROR;
				CLANG_WARN_RANGE_LOOP_ANALYSIS = YES;
				CLANG_WARN_STRICT_PROTOTYPES = YES;
				CLANG_WARN_SUSPICIOUS_MOVE = YES;
				CLANG_WARN_UNGUARDED_AVAILABILITY = YES_AGGRESSIVE;
				CLANG_WARN_UNREACHABLE_CODE = YES;
				CLANG_WARN__DUPLICATE_METHOD_MATCH = YES;
				CODE_SIGN_IDENTITY = "iPhone Developer";
				COPY_PHASE_STRIP = NO;
				DEBUG_INFORMATION_FORMAT = "dwarf-with-dsym";
				ENABLE_NS_ASSERTIONS = NO;
				ENABLE_STRICT_OBJC_MSGSEND = YES;
				GCC_C_LANGUAGE_STANDARD = gnu11;
				GCC_NO_COMMON_BLOCKS = YES;
				GCC_WARN_64_TO_32_BIT_CONVERSION = YES;
				GCC_WARN_ABOUT_RETURN_TYPE = YES_ERROR;
				GCC_WARN_UNDECLARED_SELECTOR = YES;
				GCC_WARN_UNINITIALIZED_AUTOS = YES_AGGRESSIVE;
				GCC_WARN_UNUSED_FUNCTION = YES;
				GCC_WARN_UNUSED_VARIABLE = YES;
				IPHONEOS_DEPLOYMENT_TARGET = 11.2;
				MTL_ENABLE_DEBUG_INFO = NO;
				SDKROOT = iphoneos;
				SWIFT_OPTIMIZATION_LEVEL = "-Owholemodule";
				VALIDATE_PRODUCT = YES;
			};
			name = Release;
		};
		307BBB02201CB1E400D0283A /* Debug */ = {
			isa = XCBuildConfiguration;
			buildSettings = {
				ALWAYS_EMBED_SWIFT_STANDARD_LIBRARIES = YES;
				ASSETCATALOG_COMPILER_APPICON_NAME = AppIcon;
				CODE_SIGN_STYLE = Automatic;
				DEVELOPMENT_TEAM = DDN2V9TNSF;
				INFOPLIST_FILE = ReactiveGithubUsers/Info.plist;
				LD_RUNPATH_SEARCH_PATHS = "$(inherited) @executable_path/Frameworks";
				PRODUCT_BUNDLE_IDENTIFIER = com.manshilin.ReactiveGithubUsers;
				PRODUCT_NAME = "$(TARGET_NAME)";
				SWIFT_VERSION = 4.0;
				TARGETED_DEVICE_FAMILY = "1,2";
			};
			name = Debug;
		};
		307BBB03201CB1E400D0283A /* Release */ = {
			isa = XCBuildConfiguration;
			buildSettings = {
				ALWAYS_EMBED_SWIFT_STANDARD_LIBRARIES = YES;
				ASSETCATALOG_COMPILER_APPICON_NAME = AppIcon;
				CODE_SIGN_STYLE = Automatic;
				DEVELOPMENT_TEAM = DDN2V9TNSF;
				INFOPLIST_FILE = ReactiveGithubUsers/Info.plist;
				LD_RUNPATH_SEARCH_PATHS = "$(inherited) @executable_path/Frameworks";
				PRODUCT_BUNDLE_IDENTIFIER = com.manshilin.ReactiveGithubUsers;
				PRODUCT_NAME = "$(TARGET_NAME)";
				SWIFT_VERSION = 4.0;
				TARGETED_DEVICE_FAMILY = "1,2";
			};
			name = Release;
		};
		307BBB05201CB1E400D0283A /* Debug */ = {
			isa = XCBuildConfiguration;
			buildSettings = {
				ALWAYS_EMBED_SWIFT_STANDARD_LIBRARIES = YES;
				BUNDLE_LOADER = "$(TEST_HOST)";
				CODE_SIGN_STYLE = Automatic;
				DEVELOPMENT_TEAM = DDN2V9TNSF;
				INFOPLIST_FILE = ReactiveGithubUsersTests/Info.plist;
				LD_RUNPATH_SEARCH_PATHS = "$(inherited) @executable_path/Frameworks @loader_path/Frameworks";
				PRODUCT_BUNDLE_IDENTIFIER = com.manshilin.ReactiveGithubUsersTests;
				PRODUCT_NAME = "$(TARGET_NAME)";
				SWIFT_VERSION = 4.0;
				TARGETED_DEVICE_FAMILY = "1,2";
				TEST_HOST = "$(BUILT_PRODUCTS_DIR)/ReactiveGithubUsers.app/ReactiveGithubUsers";
			};
			name = Debug;
		};
		307BBB06201CB1E400D0283A /* Release */ = {
			isa = XCBuildConfiguration;
			buildSettings = {
				ALWAYS_EMBED_SWIFT_STANDARD_LIBRARIES = YES;
				BUNDLE_LOADER = "$(TEST_HOST)";
				CODE_SIGN_STYLE = Automatic;
				DEVELOPMENT_TEAM = DDN2V9TNSF;
				INFOPLIST_FILE = ReactiveGithubUsersTests/Info.plist;
				LD_RUNPATH_SEARCH_PATHS = "$(inherited) @executable_path/Frameworks @loader_path/Frameworks";
				PRODUCT_BUNDLE_IDENTIFIER = com.manshilin.ReactiveGithubUsersTests;
				PRODUCT_NAME = "$(TARGET_NAME)";
				SWIFT_VERSION = 4.0;
				TARGETED_DEVICE_FAMILY = "1,2";
				TEST_HOST = "$(BUILT_PRODUCTS_DIR)/ReactiveGithubUsers.app/ReactiveGithubUsers";
			};
			name = Release;
		};
/* End XCBuildConfiguration section */

/* Begin XCConfigurationList section */
		307BBADF201CB1E400D0283A /* Build configuration list for PBXProject "ReactiveGithubUsers" */ = {
			isa = XCConfigurationList;
			buildConfigurations = (
				307BBAFF201CB1E400D0283A /* Debug */,
				307BBB00201CB1E400D0283A /* Release */,
			);
			defaultConfigurationIsVisible = 0;
			defaultConfigurationName = Release;
		};
		307BBB01201CB1E400D0283A /* Build configuration list for PBXNativeTarget "ReactiveGithubUsers" */ = {
			isa = XCConfigurationList;
			buildConfigurations = (
				307BBB02201CB1E400D0283A /* Debug */,
				307BBB03201CB1E400D0283A /* Release */,
			);
			defaultConfigurationIsVisible = 0;
			defaultConfigurationName = Release;
		};
		307BBB04201CB1E400D0283A /* Build configuration list for PBXNativeTarget "ReactiveGithubUsersTests" */ = {
			isa = XCConfigurationList;
			buildConfigurations = (
				307BBB05201CB1E400D0283A /* Debug */,
				307BBB06201CB1E400D0283A /* Release */,
			);
			defaultConfigurationIsVisible = 0;
			defaultConfigurationName = Release;
		};
/* End XCConfigurationList section */
	};
	rootObject = 307BBADC201CB1E400D0283A /* Project object */;
}
